Microsoft Visual Studio Solution File, Format Version 12.00
# Visual Studio Version 17
VisualStudioVersion = 17.5.2.0
MinimumVisualStudioVersion = 10.0.40219.1
Project("{FAE04EC0-301F-11D3-BF4B-00C04F79EFBC}") = "ITRepairService", "ITRepairService\ITRepairService.csproj", "{FBC0685B-50C6-1D2A-BE00-B7F1C915BD92}"
EndProject
Global
	GlobalSection(SolutionConfigurationPlatforms) = preSolution
		Debug|Any CPU = Debug|Any CPU
		Release|Any CPU = Release|Any CPU
	EndGlobalSection
	GlobalSection(ProjectConfigurationPlatforms) = postSolution
		{FBC0685B-50C6-1D2A-BE00-B7F1C915BD92}.Debug|Any CPU.ActiveCfg = Debug|Any CPU
		{FBC0685B-50C6-1D2A-BE00-B7F1C915BD92}.Debug|Any CPU.Build.0 = Debug|Any CPU
		{FBC0685B-50C6-1D2A-BE00-B7F1C915BD92}.Release|Any CPU.ActiveCfg = Release|Any CPU
		{FBC0685B-50C6-1D2A-BE00-B7F1C915BD92}.Release|Any CPU.Build.0 = Release|Any CPU
	EndGlobalSection
	GlobalSection(SolutionProperties) = preSolution
		HideSolutionNode = FALSE
	EndGlobalSection
	GlobalSection(ExtensibilityGlobals) = postSolution
		SolutionGuid = {5409397F-7C0A-4E48-8DBA-36DF6472632D}
	EndGlobalSection
EndGlobal
